
Microsoft Visual Studio Solution File, Format Version 12.00
# Visual Studio 2012
Project("{FAE04EC0-301F-11D3-BF4B-00C04F79EFBC}") = "Femah.Core", "Femah.Core\Femah.Core.csproj", "{78EEA5A4-52BF-4B8D-9750-F87D76FA5107}"
EndProject
Project("{FAE04EC0-301F-11D3-BF4B-00C04F79EFBC}") = "Femah.TestWebApp", "Femah.TestWebApp\Femah.TestWebApp.csproj", "{ECD716F1-1004-4C50-B299-E7565C87BF88}"
EndProject
Project("{FAE04EC0-301F-11D3-BF4B-00C04F79EFBC}") = "Femah.Core.Tests", "Femah.Core.Tests\Femah.Core.Tests.csproj", "{5260864F-AE47-4C19-A11E-4BF2FCC8607C}"
EndProject
Global
	GlobalSection(SolutionConfigurationPlatforms) = preSolution
		Debug|Any CPU = Debug|Any CPU
		Release|Any CPU = Release|Any CPU
	EndGlobalSection
	GlobalSection(ProjectConfigurationPlatforms) = postSolution
		{78EEA5A4-52BF-4B8D-9750-F87D76FA5107}.Debug|Any CPU.ActiveCfg = Debug|Any CPU
		{78EEA5A4-52BF-4B8D-9750-F87D76FA5107}.Debug|Any CPU.Build.0 = Debug|Any CPU
		{78EEA5A4-52BF-4B8D-9750-F87D76FA5107}.Release|Any CPU.ActiveCfg = Release|Any CPU
		{78EEA5A4-52BF-4B8D-9750-F87D76FA5107}.Release|Any CPU.Build.0 = Release|Any CPU
		{ECD716F1-1004-4C50-B299-E7565C87BF88}.Debug|Any CPU.ActiveCfg = Debug|Any CPU
		{ECD716F1-1004-4C50-B299-E7565C87BF88}.Debug|Any CPU.Build.0 = Debug|Any CPU
		{ECD716F1-1004-4C50-B299-E7565C87BF88}.Release|Any CPU.ActiveCfg = Release|Any CPU
		{ECD716F1-1004-4C50-B299-E7565C87BF88}.Release|Any CPU.Build.0 = Release|Any CPU
		{5260864F-AE47-4C19-A11E-4BF2FCC8607C}.Debug|Any CPU.ActiveCfg = Debug|Any CPU
		{5260864F-AE47-4C19-A11E-4BF2FCC8607C}.Debug|Any CPU.Build.0 = Debug|Any CPU
		{5260864F-AE47-4C19-A11E-4BF2FCC8607C}.Release|Any CPU.ActiveCfg = Release|Any CPU
		{5260864F-AE47-4C19-A11E-4BF2FCC8607C}.Release|Any CPU.Build.0 = Release|Any CPU
	EndGlobalSection
	GlobalSection(SolutionProperties) = preSolution
		HideSolutionNode = FALSE
	EndGlobalSection
EndGlobal
